
Microsoft Visual Studio Solution File, Format Version 12.00
# Visual Studio Version 17
VisualStudioVersion = 17.12.35309.182
MinimumVisualStudioVersion = 10.0.40219.1
Project("{FAE04EC0-301F-11D3-BF4B-00C04F79EFBC}") = "SimpleAuthFileNotFoundRepro", "SimpleAuthFileNotFoundRepro\SimpleAuthFileNotFoundRepro.csproj", "{95EBB1BE-CF73-4D7B-BCC4-494D8C571D7F}"
EndProject
Global
	GlobalSection(SolutionConfigurationPlatforms) = preSolution
		Debug|Any CPU = Debug|Any CPU
		Release|Any CPU = Release|Any CPU
	EndGlobalSection
	GlobalSection(ProjectConfigurationPlatforms) = postSolution
		{95EBB1BE-CF73-4D7B-BCC4-494D8C571D7F}.Debug|Any CPU.ActiveCfg = Debug|Any CPU
		{95EBB1BE-CF73-4D7B-BCC4-494D8C571D7F}.Debug|Any CPU.Build.0 = Debug|Any CPU
		{95EBB1BE-CF73-4D7B-BCC4-494D8C571D7F}.Debug|Any CPU.Deploy.0 = Debug|Any CPU
		{95EBB1BE-CF73-4D7B-BCC4-494D8C571D7F}.Release|Any CPU.ActiveCfg = Release|Any CPU
		{95EBB1BE-CF73-4D7B-BCC4-494D8C571D7F}.Release|Any CPU.Build.0 = Release|Any CPU
		{95EBB1BE-CF73-4D7B-BCC4-494D8C571D7F}.Release|Any CPU.Deploy.0 = Release|Any CPU
	EndGlobalSection
	GlobalSection(SolutionProperties) = preSolution
		HideSolutionNode = FALSE
	EndGlobalSection
	GlobalSection(ExtensibilityGlobals) = postSolution
		SolutionGuid = {F14A6ABE-F756-4223-B80A-85F33CCA6DF9}
	EndGlobalSection
EndGlobal
